lockfileVersion: '9.0'

settings:
  autoInstallPeers: true
  excludeLinksFromLockfile: false

importers:

  .:
    dependencies:
      '@actions/core':
        specifier: ^1.11.1
        version: 1.11.1
      chalk:
        specifier: ^5.4.1
        version: 5.4.1
      octokit:
        specifier: ^4.0.3
        version: 4.0.3
    devDependencies:
      '@biomejs/biome':
        specifier: 1.9.4
        version: 1.9.4
      '@octokit/types':
        specifier: ^13.6.2
        version: 13.6.2
      '@octokit/webhooks-types':
        specifier: ^7.6.1
        version: 7.6.1
      '@types/node':
        specifier: ^22.10.2
        version: 22.10.2
      rolldown:
        specifier: 1.0.0-beta.1
        version: 1.0.0-beta.1
      typescript:
        specifier: ^5.7.2
        version: 5.7.2

packages:

  '@actions/core@1.11.1':
    resolution: {integrity: sha512-hXJCSrkwfA46Vd9Z3q4cpEpHB1rL5NG04+/rbqW9d3+CSvtB1tYe8UTpAlixa1vj0m/ULglfEK2UKxMGxCxv5A==}

  '@actions/exec@1.1.1':
    resolution: {integrity: sha512-+sCcHHbVdk93a0XT19ECtO/gIXoxvdsgQLzb2fE2/5sIZmWQuluYyjPQtrtTHdU1YzTZ7bAPN4sITq2xi1679w==}

  '@actions/http-client@2.2.3':
    resolution: {integrity: sha512-mx8hyJi/hjFvbPokCg4uRd4ZX78t+YyRPtnKWwIl+RzNaVuFpQHfmlGVfsKEJN8LwTCvL+DfVgAM04XaHkm6bA==}

  '@actions/io@1.1.3':
    resolution: {integrity: sha512-wi9JjgKLYS7U/z8PPbco+PvTb/nRWjeoFlJ1Qer83k/3C5PHQi28hiVdeE2kHXmIL99mQFawx8qt/JPjZilJ8Q==}

  '@biomejs/biome@1.9.4':
    resolution: {integrity: sha512-1rkd7G70+o9KkTn5KLmDYXihGoTaIGO9PIIN2ZB7UJxFrWw04CZHPYiMRjYsaDvVV7hP1dYNRLxSANLaBFGpog==}
    engines: {node: '>=14.21.3'}
    hasBin: true

  '@biomejs/cli-darwin-arm64@1.9.4':
    resolution: {integrity: sha512-bFBsPWrNvkdKrNCYeAp+xo2HecOGPAy9WyNyB/jKnnedgzl4W4Hb9ZMzYNbf8dMCGmUdSavlYHiR01QaYR58cw==}
    engines: {node: '>=14.21.3'}
    cpu: [arm64]
    os: [darwin]

  '@biomejs/cli-darwin-x64@1.9.4':
    resolution: {integrity: sha512-ngYBh/+bEedqkSevPVhLP4QfVPCpb+4BBe2p7Xs32dBgs7rh9nY2AIYUL6BgLw1JVXV8GlpKmb/hNiuIxfPfZg==}
    engines: {node: '>=14.21.3'}
    cpu: [x64]
    os: [darwin]

  '@biomejs/cli-linux-arm64-musl@1.9.4':
    resolution: {integrity: sha512-v665Ct9WCRjGa8+kTr0CzApU0+XXtRgwmzIf1SeKSGAv+2scAlW6JR5PMFo6FzqqZ64Po79cKODKf3/AAmECqA==}
    engines: {node: '>=14.21.3'}
    cpu: [arm64]
    os: [linux]

  '@biomejs/cli-linux-arm64@1.9.4':
    resolution: {integrity: sha512-fJIW0+LYujdjUgJJuwesP4EjIBl/N/TcOX3IvIHJQNsAqvV2CHIogsmA94BPG6jZATS4Hi+xv4SkBBQSt1N4/g==}
    engines: {node: '>=14.21.3'}
    cpu: [arm64]
    os: [linux]

  '@biomejs/cli-linux-x64-musl@1.9.4':
    resolution: {integrity: sha512-gEhi/jSBhZ2m6wjV530Yy8+fNqG8PAinM3oV7CyO+6c3CEh16Eizm21uHVsyVBEB6RIM8JHIl6AGYCv6Q6Q9Tg==}
    engines: {node: '>=14.21.3'}
    cpu: [x64]
    os: [linux]

  '@biomejs/cli-linux-x64@1.9.4':
    resolution: {integrity: sha512-lRCJv/Vi3Vlwmbd6K+oQ0KhLHMAysN8lXoCI7XeHlxaajk06u7G+UsFSO01NAs5iYuWKmVZjmiOzJ0OJmGsMwg==}
    engines: {node: '>=14.21.3'}
    cpu: [x64]
    os: [linux]

  '@biomejs/cli-win32-arm64@1.9.4':
    resolution: {integrity: sha512-tlbhLk+WXZmgwoIKwHIHEBZUwxml7bRJgk0X2sPyNR3S93cdRq6XulAZRQJ17FYGGzWne0fgrXBKpl7l4M87Hg==}
    engines: {node: '>=14.21.3'}
    cpu: [arm64]
    os: [win32]

  '@biomejs/cli-win32-x64@1.9.4':
    resolution: {integrity: sha512-8Y5wMhVIPaWe6jw2H+KlEm4wP/f7EW3810ZLmDlrEEy5KvBsb9ECEfu/kMWD484ijfQ8+nIi0giMgu9g1UAuuA==}
    engines: {node: '>=14.21.3'}
    cpu: [x64]
    os: [win32]

  '@emnapi/core@1.3.1':
    resolution: {integrity: sha512-pVGjBIt1Y6gg3EJN8jTcfpP/+uuRksIo055oE/OBkDNcjZqVbfkWCksG1Jp4yZnj3iKWyWX8fdG/j6UDYPbFog==}

  '@emnapi/runtime@1.3.1':
    resolution: {integrity: sha512-kEBmG8KyqtxJZv+ygbEim+KCGtIq1fC22Ms3S4ziXmYKm8uyoLX0MHONVKwp+9opg390VaKRNt4a7A9NwmpNhw==}

  '@emnapi/wasi-threads@1.0.1':
    resolution: {integrity: sha512-iIBu7mwkq4UQGeMEM8bLwNK962nXdhodeScX4slfQnRhEMMzvYivHhutCIk8uojvmASXXPC2WNEjwxFWk72Oqw==}

  '@fastify/busboy@2.1.1':
    resolution: {integrity: sha512-vBZP4NlzfOlerQTnba4aqZoMhE/a9HY7HRqoOPaETQcSQuWEIyZMHGfVu6w9wGtGK5fED5qRs2DteVCjOH60sA==}
    engines: {node: '>=14'}

  '@napi-rs/wasm-runtime@0.2.6':
    resolution: {integrity: sha512-z8YVS3XszxFTO73iwvFDNpQIzdMmSDTP/mB3E/ucR37V3Sx57hSExcXyMoNwaucWxnsWf4xfbZv0iZ30jr0M4Q==}

  '@octokit/app@15.1.1':
    resolution: {integrity: sha512-fk8xrCSPTJGpyBdBNI+DcZ224dm0aApv4vi6X7/zTmANXlegKV2Td+dJ+fd7APPaPN7R+xttUsj2Fm+AFDSfMQ==}
    engines: {node: '>= 18'}

  '@octokit/auth-app@7.1.3':
    resolution: {integrity: sha512-GZdkOp2kZTIy5dG9oXqvzUAZiPvDx4C/lMlN6yQjtG9d/+hYa7W8WXTJoOrXE8UdfL9A/sZMl206dmtkl9lwVQ==}
    engines: {node: '>= 18'}

  '@octokit/auth-oauth-app@8.1.1':
    resolution: {integrity: sha512-5UtmxXAvU2wfcHIPPDWzVSAWXVJzG3NWsxb7zCFplCWEmMCArSZV0UQu5jw5goLQXbFyOr5onzEH37UJB3zQQg==}
    engines: {node: '>= 18'}

  '@octokit/auth-oauth-device@7.1.1':
    resolution: {integrity: sha512-HWl8lYueHonuyjrKKIup/1tiy0xcmQCdq5ikvMO1YwkNNkxb6DXfrPjrMYItNLyCP/o2H87WuijuE+SlBTT8eg==}
    engines: {node: '>= 18'}

  '@octokit/auth-oauth-user@5.1.1':
    resolution: {integrity: sha512-rRkMz0ErOppdvEfnemHJXgZ9vTPhBuC6yASeFaB7I2yLMd7QpjfrL1mnvRPlyKo+M6eeLxrKanXJ9Qte29SRsw==}
    engines: {node: '>= 18'}

  '@octokit/auth-token@5.1.1':
    resolution: {integrity: sha512-rh3G3wDO8J9wSjfI436JUKzHIxq8NaiL0tVeB2aXmG6p/9859aUOAjA9pmSPNGGZxfwmaJ9ozOJImuNVJdpvbA==}
    engines: {node: '>= 18'}

  '@octokit/auth-unauthenticated@6.1.0':
    resolution: {integrity: sha512-zPSmfrUAcspZH/lOFQnVnvjQZsIvmfApQH6GzJrkIunDooU1Su2qt2FfMTSVPRp7WLTQyC20Kd55lF+mIYaohQ==}
    engines: {node: '>= 18'}

  '@octokit/core@6.1.2':
    resolution: {integrity: sha512-hEb7Ma4cGJGEUNOAVmyfdB/3WirWMg5hDuNFVejGEDFqupeOysLc2sG6HJxY2etBp5YQu5Wtxwi020jS9xlUwg==}
    engines: {node: '>= 18'}

  '@octokit/endpoint@10.1.1':
    resolution: {integrity: sha512-JYjh5rMOwXMJyUpj028cu0Gbp7qe/ihxfJMLc8VZBMMqSwLgOxDI1911gV4Enl1QSavAQNJcwmwBF9M0VvLh6Q==}
    engines: {node: '>= 18'}

  '@octokit/graphql@8.1.1':
    resolution: {integrity: sha512-ukiRmuHTi6ebQx/HFRCXKbDlOh/7xEV6QUXaE7MJEKGNAncGI/STSbOkl12qVXZrfZdpXctx5O9X1AIaebiDBg==}
    engines: {node: '>= 18'}

  '@octokit/oauth-app@7.1.4':
    resolution: {integrity: sha512-Au4zSGsWOZtShLxVUXcZ9TZJVQjpEK/OW2L1SWLE030QVYaZ+69TP4vHBdXakZUifvOELD1VBYEY6eprPcY2Mg==}
    engines: {node: '>= 18'}

  '@octokit/oauth-authorization-url@7.1.1':
    resolution: {integrity: sha512-ooXV8GBSabSWyhLUowlMIVd9l1s2nsOGQdlP2SQ4LnkEsGXzeCvbSbCPdZThXhEFzleGPwbapT0Sb+YhXRyjCA==}
    engines: {node: '>= 18'}

  '@octokit/oauth-methods@5.1.2':
    resolution: {integrity: sha512-C5lglRD+sBlbrhCUTxgJAFjWgJlmTx5bQ7Ch0+2uqRjYv7Cfb5xpX4WuSC9UgQna3sqRGBL9EImX9PvTpMaQ7g==}
    engines: {node: '>= 18'}

  '@octokit/openapi-types@22.2.0':
    resolution: {integrity: sha512-QBhVjcUa9W7Wwhm6DBFu6ZZ+1/t/oYxqc2tp81Pi41YNuJinbFRx8B133qVOrAaBbF7D/m0Et6f9/pZt9Rc+tg==}

  '@octokit/openapi-webhooks-types@8.5.1':
    resolution: {integrity: sha512-i3h1b5zpGSB39ffBbYdSGuAd0NhBAwPyA3QV3LYi/lx4lsbZiu7u2UHgXVUR6EpvOI8REOuVh1DZTRfHoJDvuQ==}

  '@octokit/plugin-paginate-graphql@5.2.4':
    resolution: {integrity: sha512-pLZES1jWaOynXKHOqdnwZ5ULeVR6tVVCMm+AUbp0htdcyXDU95WbkYdU4R2ej1wKj5Tu94Mee2Ne0PjPO9cCyA==}
    engines: {node: '>= 18'}
    peerDependencies:
      '@octokit/core': '>=6'

  '@octokit/plugin-paginate-rest@11.3.6':
    resolution: {integrity: sha512-zcvqqf/+TicbTCa/Z+3w4eBJcAxCFymtc0UAIsR3dEVoNilWld4oXdscQ3laXamTszUZdusw97K8+DrbFiOwjw==}
    engines: {node: '>= 18'}
    peerDependencies:
      '@octokit/core': '>=6'

  '@octokit/plugin-rest-endpoint-methods@13.2.6':
    resolution: {integrity: sha512-wMsdyHMjSfKjGINkdGKki06VEkgdEldIGstIEyGX0wbYHGByOwN/KiM+hAAlUwAtPkP3gvXtVQA9L3ITdV2tVw==}
    engines: {node: '>= 18'}
    peerDependencies:
      '@octokit/core': '>=6'

  '@octokit/plugin-retry@7.1.2':
    resolution: {integrity: sha512-XOWnPpH2kJ5VTwozsxGurw+svB2e61aWlmk5EVIYZPwFK5F9h4cyPyj9CIKRyMXMHSwpIsI3mPOdpMmrRhe7UQ==}
    engines: {node: '>= 18'}
    peerDependencies:
      '@octokit/core': '>=6'

  '@octokit/plugin-throttling@9.3.2':
    resolution: {integrity: sha512-FqpvcTpIWFpMMwIeSoypoJXysSAQ3R+ALJhXXSG1HTP3YZOIeLmcNcimKaXxTcws+Sh6yoRl13SJ5r8sXc1Fhw==}
    engines: {node: '>= 18'}
    peerDependencies:
      '@octokit/core': ^6.0.0

  '@octokit/request-error@6.1.6':
    resolution: {integrity: sha512-pqnVKYo/at0NuOjinrgcQYpEbv4snvP3bKMRqHaD9kIsk9u1LCpb2smHZi8/qJfgeNqLo5hNW4Z7FezNdEo0xg==}
    engines: {node: '>= 18'}

  '@octokit/request@9.1.4':
    resolution: {integrity: sha512-tMbOwGm6wDII6vygP3wUVqFTw3Aoo0FnVQyhihh8vVq12uO3P+vQZeo2CKMpWtPSogpACD0yyZAlVlQnjW71DA==}
    engines: {node: '>= 18'}

  '@octokit/types@13.6.2':
    resolution: {integrity: sha512-WpbZfZUcZU77DrSW4wbsSgTPfKcp286q3ItaIgvSbBpZJlu6mnYXAkjZz6LVZPXkEvLIM8McanyZejKTYUHipA==}

  '@octokit/webhooks-methods@5.1.0':
    resolution: {integrity: sha512-yFZa3UH11VIxYnnoOYCVoJ3q4ChuSOk2IVBBQ0O3xtKX4x9bmKb/1t+Mxixv2iUhzMdOl1qeWJqEhouXXzB3rQ==}
    engines: {node: '>= 18'}

  '@octokit/webhooks-types@7.6.1':
    resolution: {integrity: sha512-S8u2cJzklBC0FgTwWVLaM8tMrDuDMVE4xiTK4EYXM9GntyvrdbSoxqDQa+Fh57CCNApyIpyeqPhhFEmHPfrXgw==}

  '@octokit/webhooks@13.4.1':
    resolution: {integrity: sha512-I5YPUtfWidh+OzyrlDahJsUpkpGK0kCTmDRbuqGmlCUzOtxdEkX3R4d6Cd08ijQYwkVXQJanPdbKuZBeV2NMaA==}
    engines: {node: '>= 18'}

  '@rolldown/binding-darwin-arm64@1.0.0-beta.1':
    resolution: {integrity: sha512-e4QpTp7eu61JilK958i21RK/HniwVLjZgfShqoQY1VM+KDYz90cNuopKQ3Z3oCkvyAN3xI8IaRhy02nlxdR/DA==}
    cpu: [arm64]
    os: [darwin]

  '@rolldown/binding-darwin-x64@1.0.0-beta.1':
    resolution: {integrity: sha512-+WHRLrogJl99EQ6HtYhy7EwIZ1wicD0RSX2T5mjfOM6AmPwPTXQ0n6MKOs1abU6ZyCj5Izlo6rLsao0h9FMUDA==}
    cpu: [x64]
    os: [darwin]

  '@rolldown/binding-freebsd-x64@1.0.0-beta.1':
    resolution: {integrity: sha512-ZP9Q1q4IfvJ8dfWTHOF3cquNpAKuQQ+kZJQTxo85fGnKqtqMWFNouaBVd79pqCxU3w4oIjuZ8o55qNDomMTbVA==}
    cpu: [x64]
    os: [freebsd]

  '@rolldown/binding-linux-arm-gnueabihf@1.0.0-beta.1':
    resolution: {integrity: sha512-B/R4Vt8f8z/WmW9Y9NMgA+t5bCfRLmgZohs5mWf8KoD5FRlpvJtCo/SnD7fEg9npHEP5A28+Cikiyd7aCcKPSA==}
    cpu: [arm]
    os: [linux]

  '@rolldown/binding-linux-arm64-gnu@1.0.0-beta.1':
    resolution: {integrity: sha512-xkGD+YLH+vQZiqxKEsXe8xS/owQXkyARaNB9NfFrAacLoNIRZM5UEZGNKxXyRWd1kSEkYkJ3/WiqvGGCcqUg1A==}
    cpu: [arm64]
    os: [linux]

  '@rolldown/binding-linux-arm64-musl@1.0.0-beta.1':
    resolution: {integrity: sha512-Ey2UxKFL74JuWpdNl9stpV0kxHZIgCWCEUnDnpQ1hcBwO9KwDM5qicLtXfsjozD6vt+xzbrL2D/uTrziYZ7IDQ==}
    cpu: [arm64]
    os: [linux]

  '@rolldown/binding-linux-x64-gnu@1.0.0-beta.1':
    resolution: {integrity: sha512-a8QP35x/3mggWqCpFtaF3/PbWl5P9QKpP/muk3iMPgzrXto8zPsEl3imsP3EBh4KwanBVHIf8pEkBQ+/7iMTgQ==}
    cpu: [x64]
    os: [linux]

  '@rolldown/binding-linux-x64-musl@1.0.0-beta.1':
    resolution: {integrity: sha512-uIqKwnkZjTY8FmqGMaSjwtWlCdV88LV9bjdkv+mb7I+BBw+9cJlIQy0P8YnGEOEcnDPis/SiraCpkJ/eHYaSZw==}
    cpu: [x64]
    os: [linux]

  '@rolldown/binding-wasm32-wasi@1.0.0-beta.1':
    resolution: {integrity: sha512-RB+gbhwZtTbKbvHzUcaRFva2ONCUTuxDEb/b3/rd3O82OTPUZzOY24mqreiXH1XG09p6WFXSE8dzUrN120Q29w==}
    engines: {node: '>=14.21.3'}
    cpu: [wasm32]

  '@rolldown/binding-win32-arm64-msvc@1.0.0-beta.1':
    resolution: {integrity: sha512-NSccQD7+9vhEfDMc8HyODuUU1jLYEsEiICc1zwmbeg0FXx1pwpFpZZQby4bAMnK2obav7D9FfsruYWodhNdIqQ==}
    cpu: [arm64]
    os: [win32]

  '@rolldown/binding-win32-ia32-msvc@1.0.0-beta.1':
    resolution: {integrity: sha512-bUQOqqHfqgX9gHGZFGVYQRtc4+9diFDS/f85dKrzzUg7MF91ZU9mJUoemL4eyyj3B83N3FlHZtAPvDX3N2Zz8A==}
    cpu: [ia32]
    os: [win32]

  '@rolldown/binding-win32-x64-msvc@1.0.0-beta.1':
    resolution: {integrity: sha512-k8Ld05OlxkzR/+Ob8+IESaZ4uFcgLwbbwtUZLoryn3S6lCogkclcN/4m1wo/PyWtUAWF5mdz83SrkRL8dS4AqA==}
    cpu: [x64]
    os: [win32]

  '@tybys/wasm-util@0.9.0':
    resolution: {integrity: sha512-6+7nlbMVX/PVDCwaIQ8nTOPveOcFLSt8GcXdx8hD0bt39uWxYT88uXzqTd4fTvqta7oeUJqudepapKNt2DYJFw==}

  '@types/aws-lambda@8.10.146':
    resolution: {integrity: sha512-3BaDXYTh0e6UCJYL/jwV/3+GRslSc08toAiZSmleYtkAUyV5rtvdPYxrG/88uqvTuT6sb27WE9OS90ZNTIuQ0g==}

  '@types/node@22.10.2':
    resolution: {integrity: sha512-Xxr6BBRCAOQixvonOye19wnzyDiUtTeqldOOmj3CkeblonbccA12PFwlufvRdrpjXxqnmUaeiU5EOA+7s5diUQ==}

  before-after-hook@3.0.2:
    resolution: {integrity: sha512-Nik3Sc0ncrMK4UUdXQmAnRtzmNQTAAXmXIopizwZ1W1t8QmfJj+zL4OA2I7XPTPW5z5TDqv4hRo/JzouDJnX3A==}

  bottleneck@2.19.5:
    resolution: {integrity: sha512-VHiNCbI1lKdl44tGrhNfU3lup0Tj/ZBMJB5/2ZbNXRCPuRCO7ed2mgcK4r17y+KB2EfuYuRaVlwNbAeaWGSpbw==}

  chalk@5.4.1:
    resolution: {integrity: sha512-zgVZuo2WcZgfUEmsn6eO3kINexW8RAE4maiQ8QNs8CtpPCSyMiYsULR3HQYkm3w8FIA3SberyMJMSldGsW+U3w==}
    engines: {node: ^12.17.0 || ^14.13 || >=16.0.0}

  fast-content-type-parse@2.0.0:
    resolution: {integrity: sha512-fCqg/6Sps8tqk8p+kqyKqYfOF0VjPNYrqpLiqNl0RBKmD80B080AJWVV6EkSkscjToNExcXg1+Mfzftrx6+iSA==}

  octokit@4.0.3:
    resolution: {integrity: sha512-kfqH80Yuuux4fLbZ4SvObjCvVu89U0eCh5+fulh6tr/hJkDYS1inXDGnNJDOp312GANMEhWWMLYmjQR8MvSSMQ==}
    engines: {node: '>= 18'}

  rolldown@1.0.0-beta.1:
    resolution: {integrity: sha512-19B2HoY3zcR7Um+zVDOvV1gQ1d6acUIouCUMGxvlZ/0kTjcMSFr8tuLWmRRYIV7y1mrgPbJRd1cPFVd4p1l8nQ==}
    hasBin: true
    peerDependencies:
      '@babel/runtime': '>=7'
    peerDependenciesMeta:
      '@babel/runtime':
        optional: true

  toad-cache@3.7.0:
    resolution: {integrity: sha512-/m8M+2BJUpoJdgAHoG+baCwBT+tf2VraSfkBgl0Y00qIWt41DJ8R5B8nsEw0I58YwF5IZH6z24/2TobDKnqSWw==}
    engines: {node: '>=12'}

  tslib@2.8.1:
    resolution: {integrity: sha512-oJFu94HQb+KVduSUQL7wnpmqnfmLsOA/nAh6b6EH0wCEoK0/mPeXU6c3wKDV83MkOuHPRHtSXKKU99IBazS/2w==}

  tunnel@0.0.6:
    resolution: {integrity: sha512-1h/Lnq9yajKY2PEbBadPXj3VxsDDu844OnaAo52UVmIzIvwwtBPIuNvkjuzBlTWpfJyUbG3ez0KSBibQkj4ojg==}
    engines: {node: '>=0.6.11 <=0.7.0 || >=0.7.3'}

  typescript@5.7.2:
    resolution: {integrity: sha512-i5t66RHxDvVN40HfDd1PsEThGNnlMCMT3jMUuoh9/0TaqWevNontacunWyN02LA9/fIbEWlcHZcgTKb9QoaLfg==}
    engines: {node: '>=14.17'}
    hasBin: true

  undici-types@6.20.0:
    resolution: {integrity: sha512-Ny6QZ2Nju20vw1SRHe3d9jVu6gJ+4e3+MMpqu7pqE5HT6WsTSlce++GQmK5UXS8mzV8DSYHrQH+Xrf2jVcuKNg==}

  undici@5.28.4:
    resolution: {integrity: sha512-72RFADWFqKmUb2hmmvNODKL3p9hcB6Gt2DOQMis1SEBaV6a4MH8soBvzg+95CYhCKPFedut2JY9bMfrDl9D23g==}
    engines: {node: '>=14.0'}

  universal-github-app-jwt@2.2.0:
    resolution: {integrity: sha512-G5o6f95b5BggDGuUfKDApKaCgNYy2x7OdHY0zSMF081O0EJobw+1130VONhrA7ezGSV2FNOGyM+KQpQZAr9bIQ==}

  universal-user-agent@7.0.2:
    resolution: {integrity: sha512-0JCqzSKnStlRRQfCdowvqy3cy0Dvtlb8xecj/H8JFZuCze4rwjPZQOgvFvn0Ws/usCHQFGpyr+pB9adaGwXn4Q==}

  zod@3.24.1:
    resolution: {integrity: sha512-muH7gBL9sI1nciMZV67X5fTKKBLtwpZ5VBp1vsOQzj1MhrBZ4wlVCm3gedKZWLp0Oyel8sIGfeiz54Su+OVT+A==}

snapshots:

  '@actions/core@1.11.1':
    dependencies:
      '@actions/exec': 1.1.1
      '@actions/http-client': 2.2.3

  '@actions/exec@1.1.1':
    dependencies:
      '@actions/io': 1.1.3

  '@actions/http-client@2.2.3':
    dependencies:
      tunnel: 0.0.6
      undici: 5.28.4

  '@actions/io@1.1.3': {}

  '@biomejs/biome@1.9.4':
    optionalDependencies:
      '@biomejs/cli-darwin-arm64': 1.9.4
      '@biomejs/cli-darwin-x64': 1.9.4
      '@biomejs/cli-linux-arm64': 1.9.4
      '@biomejs/cli-linux-arm64-musl': 1.9.4
      '@biomejs/cli-linux-x64': 1.9.4
      '@biomejs/cli-linux-x64-musl': 1.9.4
      '@biomejs/cli-win32-arm64': 1.9.4
      '@biomejs/cli-win32-x64': 1.9.4

  '@biomejs/cli-darwin-arm64@1.9.4':
    optional: true

  '@biomejs/cli-darwin-x64@1.9.4':
    optional: true

  '@biomejs/cli-linux-arm64-musl@1.9.4':
    optional: true

  '@biomejs/cli-linux-arm64@1.9.4':
    optional: true

  '@biomejs/cli-linux-x64-musl@1.9.4':
    optional: true

  '@biomejs/cli-linux-x64@1.9.4':
    optional: true

  '@biomejs/cli-win32-arm64@1.9.4':
    optional: true

  '@biomejs/cli-win32-x64@1.9.4':
    optional: true

  '@emnapi/core@1.3.1':
    dependencies:
      '@emnapi/wasi-threads': 1.0.1
      tslib: 2.8.1
    optional: true

  '@emnapi/runtime@1.3.1':
    dependencies:
      tslib: 2.8.1
    optional: true

  '@emnapi/wasi-threads@1.0.1':
    dependencies:
      tslib: 2.8.1
    optional: true

  '@fastify/busboy@2.1.1': {}

  '@napi-rs/wasm-runtime@0.2.6':
    dependencies:
      '@emnapi/core': 1.3.1
      '@emnapi/runtime': 1.3.1
      '@tybys/wasm-util': 0.9.0
    optional: true

  '@octokit/app@15.1.1':
    dependencies:
      '@octokit/auth-app': 7.1.3
      '@octokit/auth-unauthenticated': 6.1.0
      '@octokit/core': 6.1.2
      '@octokit/oauth-app': 7.1.4
      '@octokit/plugin-paginate-rest': 11.3.6(@octokit/core@6.1.2)
      '@octokit/types': 13.6.2
      '@octokit/webhooks': 13.4.1

  '@octokit/auth-app@7.1.3':
    dependencies:
      '@octokit/auth-oauth-app': 8.1.1
      '@octokit/auth-oauth-user': 5.1.1
      '@octokit/request': 9.1.4
      '@octokit/request-error': 6.1.6
      '@octokit/types': 13.6.2
      toad-cache: 3.7.0
      universal-github-app-jwt: 2.2.0
      universal-user-agent: 7.0.2

  '@octokit/auth-oauth-app@8.1.1':
    dependencies:
      '@octokit/auth-oauth-device': 7.1.1
      '@octokit/auth-oauth-user': 5.1.1
      '@octokit/request': 9.1.4
      '@octokit/types': 13.6.2
      universal-user-agent: 7.0.2

  '@octokit/auth-oauth-device@7.1.1':
    dependencies:
      '@octokit/oauth-methods': 5.1.2
      '@octokit/request': 9.1.4
      '@octokit/types': 13.6.2
      universal-user-agent: 7.0.2

  '@octokit/auth-oauth-user@5.1.1':
    dependencies:
      '@octokit/auth-oauth-device': 7.1.1
      '@octokit/oauth-methods': 5.1.2
      '@octokit/request': 9.1.4
      '@octokit/types': 13.6.2
      universal-user-agent: 7.0.2

  '@octokit/auth-token@5.1.1': {}

  '@octokit/auth-unauthenticated@6.1.0':
    dependencies:
      '@octokit/request-error': 6.1.6
      '@octokit/types': 13.6.2

  '@octokit/core@6.1.2':
    dependencies:
      '@octokit/auth-token': 5.1.1
      '@octokit/graphql': 8.1.1
      '@octokit/request': 9.1.4
      '@octokit/request-error': 6.1.6
      '@octokit/types': 13.6.2
      before-after-hook: 3.0.2
      universal-user-agent: 7.0.2

  '@octokit/endpoint@10.1.1':
    dependencies:
      '@octokit/types': 13.6.2
      universal-user-agent: 7.0.2

  '@octokit/graphql@8.1.1':
    dependencies:
      '@octokit/request': 9.1.4
      '@octokit/types': 13.6.2
      universal-user-agent: 7.0.2

  '@octokit/oauth-app@7.1.4':
    dependencies:
      '@octokit/auth-oauth-app': 8.1.1
      '@octokit/auth-oauth-user': 5.1.1
      '@octokit/auth-unauthenticated': 6.1.0
      '@octokit/core': 6.1.2
      '@octokit/oauth-authorization-url': 7.1.1
      '@octokit/oauth-methods': 5.1.2
      '@types/aws-lambda': 8.10.146
      universal-user-agent: 7.0.2

  '@octokit/oauth-authorization-url@7.1.1': {}

  '@octokit/oauth-methods@5.1.2':
    dependencies:
      '@octokit/oauth-authorization-url': 7.1.1
      '@octokit/request': 9.1.4
      '@octokit/request-error': 6.1.6
      '@octokit/types': 13.6.2

  '@octokit/openapi-types@22.2.0': {}

  '@octokit/openapi-webhooks-types@8.5.1': {}

  '@octokit/plugin-paginate-graphql@5.2.4(@octokit/core@6.1.2)':
    dependencies:
      '@octokit/core': 6.1.2

  '@octokit/plugin-paginate-rest@11.3.6(@octokit/core@6.1.2)':
    dependencies:
      '@octokit/core': 6.1.2
      '@octokit/types': 13.6.2

  '@octokit/plugin-rest-endpoint-methods@13.2.6(@octokit/core@6.1.2)':
    dependencies:
      '@octokit/core': 6.1.2
      '@octokit/types': 13.6.2

  '@octokit/plugin-retry@7.1.2(@octokit/core@6.1.2)':
    dependencies:
      '@octokit/core': 6.1.2
      '@octokit/request-error': 6.1.6
      '@octokit/types': 13.6.2
      bottleneck: 2.19.5

  '@octokit/plugin-throttling@9.3.2(@octokit/core@6.1.2)':
    dependencies:
      '@octokit/core': 6.1.2
      '@octokit/types': 13.6.2
      bottleneck: 2.19.5

  '@octokit/request-error@6.1.6':
    dependencies:
      '@octokit/types': 13.6.2

  '@octokit/request@9.1.4':
    dependencies:
      '@octokit/endpoint': 10.1.1
      '@octokit/request-error': 6.1.6
      '@octokit/types': 13.6.2
      fast-content-type-parse: 2.0.0
      universal-user-agent: 7.0.2

  '@octokit/types@13.6.2':
    dependencies:
      '@octokit/openapi-types': 22.2.0

  '@octokit/webhooks-methods@5.1.0': {}

  '@octokit/webhooks-types@7.6.1': {}

  '@octokit/webhooks@13.4.1':
    dependencies:
      '@octokit/openapi-webhooks-types': 8.5.1
      '@octokit/request-error': 6.1.6
      '@octokit/webhooks-methods': 5.1.0

  '@rolldown/binding-darwin-arm64@1.0.0-beta.1':
    optional: true

  '@rolldown/binding-darwin-x64@1.0.0-beta.1':
    optional: true

  '@rolldown/binding-freebsd-x64@1.0.0-beta.1':
    optional: true

  '@rolldown/binding-linux-arm-gnueabihf@1.0.0-beta.1':
    optional: true

  '@rolldown/binding-linux-arm64-gnu@1.0.0-beta.1':
    optional: true

  '@rolldown/binding-linux-arm64-musl@1.0.0-beta.1':
    optional: true

  '@rolldown/binding-linux-x64-gnu@1.0.0-beta.1':
    optional: true

  '@rolldown/binding-linux-x64-musl@1.0.0-beta.1':
    optional: true

  '@rolldown/binding-wasm32-wasi@1.0.0-beta.1':
    dependencies:
      '@napi-rs/wasm-runtime': 0.2.6
    optional: true

  '@rolldown/binding-win32-arm64-msvc@1.0.0-beta.1':
    optional: true

  '@rolldown/binding-win32-ia32-msvc@1.0.0-beta.1':
    optional: true

  '@rolldown/binding-win32-x64-msvc@1.0.0-beta.1':
    optional: true

  '@tybys/wasm-util@0.9.0':
    dependencies:
      tslib: 2.8.1
    optional: true

  '@types/aws-lambda@8.10.146': {}

  '@types/node@22.10.2':
    dependencies:
      undici-types: 6.20.0

  before-after-hook@3.0.2: {}

  bottleneck@2.19.5: {}

  chalk@5.4.1: {}

  fast-content-type-parse@2.0.0: {}

  octokit@4.0.3:
    dependencies:
      '@octokit/app': 15.1.1
      '@octokit/core': 6.1.2
      '@octokit/oauth-app': 7.1.4
      '@octokit/plugin-paginate-graphql': 5.2.4(@octokit/core@6.1.2)
      '@octokit/plugin-paginate-rest': 11.3.6(@octokit/core@6.1.2)
      '@octokit/plugin-rest-endpoint-methods': 13.2.6(@octokit/core@6.1.2)
      '@octokit/plugin-retry': 7.1.2(@octokit/core@6.1.2)
      '@octokit/plugin-throttling': 9.3.2(@octokit/core@6.1.2)
      '@octokit/request-error': 6.1.6
      '@octokit/types': 13.6.2

  rolldown@1.0.0-beta.1:
    dependencies:
      zod: 3.24.1
    optionalDependencies:
      '@rolldown/binding-darwin-arm64': 1.0.0-beta.1
      '@rolldown/binding-darwin-x64': 1.0.0-beta.1
      '@rolldown/binding-freebsd-x64': 1.0.0-beta.1
      '@rolldown/binding-linux-arm-gnueabihf': 1.0.0-beta.1
      '@rolldown/binding-linux-arm64-gnu': 1.0.0-beta.1
      '@rolldown/binding-linux-arm64-musl': 1.0.0-beta.1
      '@rolldown/binding-linux-x64-gnu': 1.0.0-beta.1
      '@rolldown/binding-linux-x64-musl': 1.0.0-beta.1
      '@rolldown/binding-wasm32-wasi': 1.0.0-beta.1
      '@rolldown/binding-win32-arm64-msvc': 1.0.0-beta.1
      '@rolldown/binding-win32-ia32-msvc': 1.0.0-beta.1
      '@rolldown/binding-win32-x64-msvc': 1.0.0-beta.1

  toad-cache@3.7.0: {}

  tslib@2.8.1:
    optional: true

  tunnel@0.0.6: {}

  typescript@5.7.2: {}

  undici-types@6.20.0: {}

  undici@5.28.4:
    dependencies:
      '@fastify/busboy': 2.1.1

  universal-github-app-jwt@2.2.0: {}

  universal-user-agent@7.0.2: {}

  zod@3.24.1: {}
